
Microsoft Visual Studio Solution File, Format Version 12.00
# Visual Studio Version 17
VisualStudioVersion = 17.5.33516.290
MinimumVisualStudioVersion = 10.0.40219.1
Project("{FAE04EC0-301F-11D3-BF4B-00C04F79EFBC}") = "GregorianToEthiopianCalander", "GregorianToEthiopianCalander.csproj", "{EE91A5A4-8026-47D3-95D6-945915A69DCF}"
EndProject
Global
	GlobalSection(SolutionConfigurationPlatforms) = preSolution
		Debug|Any CPU = Debug|Any CPU
		Release|Any CPU = Release|Any CPU
	EndGlobalSection
	GlobalSection(ProjectConfigurationPlatforms) = postSolution
		{EE91A5A4-8026-47D3-95D6-945915A69DCF}.Debug|Any CPU.ActiveCfg = Debug|Any CPU
		{EE91A5A4-8026-47D3-95D6-945915A69DCF}.Debug|Any CPU.Build.0 = Debug|Any CPU
		{EE91A5A4-8026-47D3-95D6-945915A69DCF}.Release|Any CPU.ActiveCfg = Release|Any CPU
		{EE91A5A4-8026-47D3-95D6-945915A69DCF}.Release|Any CPU.Build.0 = Release|Any CPU
	EndGlobalSection
	GlobalSection(SolutionProperties) = preSolution
		HideSolutionNode = FALSE
	EndGlobalSection
	GlobalSection(ExtensibilityGlobals) = postSolution
		SolutionGuid = {D01F3A0D-A38D-4E36-A86C-16F5DDF0CD17}
	EndGlobalSection
EndGlobal
